<?xml version="1.0" encoding="utf-8"?>
<Project ToolsVersion="4.0" xmlns="http://schemas.microsoft.com/developer/msbuild/2003">
  <ItemGroup>
    <ClCompile Include="ingame.cpp">
      <Filter>소스 파일</Filter>
    </ClCompile>
    <ClCompile Include="Server.cpp">
      <Filter>소스 파일</Filter>
    </ClCompile>
    <ClCompile Include="matching.cpp" />
  </ItemGroup>
  <ItemGroup>
    <ClInclude Include="Common.h">
      <Filter>헤더 파일</Filter>
    </ClInclude>
    <ClInclude Include="global.h">
      <Filter>헤더 파일</Filter>
    </ClInclude>
    <ClInclude Include="ingame.h">
      <Filter>헤더 파일</Filter>
    </ClInclude>
    <ClInclude Include="matching.h" />
  </ItemGroup>
  <ItemGroup>
    <Filter Include="소스 파일">
      <UniqueIdentifier>{8ec2ad45-e6c1-4617-9fb2-3b66adf73d52}</UniqueIdentifier>
    </Filter>
    <Filter Include="헤더 파일">
      <UniqueIdentifier>{58039824-f364-4c4f-bf04-7f4255f83654}</UniqueIdentifier>
    </Filter>
  </ItemGroup>
</Project>